
Microsoft Visual Studio Solution File, Format Version 12.00
# Visual Studio 2012
Project("{8BC9CEB8-8B4A-11D0-8D11-00A0C91BC942}") = "threads", "threads\threads.vcxproj", "{B212F153-350D-403B-96AD-2A6750E0E415}"
EndProject
Global
	GlobalSection(SolutionConfigurationPlatforms) = preSolution
		Debug|Win32 = Debug|Win32
		Release|Win32 = Release|Win32
	EndGlobalSection
	GlobalSection(ProjectConfigurationPlatforms) = postSolution
		{B212F153-350D-403B-96AD-2A6750E0E415}.Debug|Win32.ActiveCfg = Debug|Win32
		{B212F153-350D-403B-96AD-2A6750E0E415}.Debug|Win32.Build.0 = Debug|Win32
		{B212F153-350D-403B-96AD-2A6750E0E415}.Release|Win32.ActiveCfg = Release|Win32
		{B212F153-350D-403B-96AD-2A6750E0E415}.Release|Win32.Build.0 = Release|Win32
	EndGlobalSection
	GlobalSection(SolutionProperties) = preSolution
		HideSolutionNode = FALSE
	EndGlobalSection
EndGlobal
